
Microsoft Visual Studio Solution File, Format Version 12.00
# Visual Studio Version 16
VisualStudioVersion = 16.0.32228.343
MinimumVisualStudioVersion = 10.0.40219.1
Project("{FAE04EC0-301F-11D3-BF4B-00C04F79EFBC}") = "Sql_BD_R", "Sql_BD_R\Sql_BD_R.csproj", "{76F3C42D-CF0D-47CC-BA9D-B82F81884414}"
EndProject
Global
	GlobalSection(SolutionConfigurationPlatforms) = preSolution
		Debug|Any CPU = Debug|Any CPU
		Release|Any CPU = Release|Any CPU
	EndGlobalSection
	GlobalSection(ProjectConfigurationPlatforms) = postSolution
		{76F3C42D-CF0D-47CC-BA9D-B82F81884414}.Debug|Any CPU.ActiveCfg = Debug|Any CPU
		{76F3C42D-CF0D-47CC-BA9D-B82F81884414}.Debug|Any CPU.Build.0 = Debug|Any CPU
		{76F3C42D-CF0D-47CC-BA9D-B82F81884414}.Release|Any CPU.ActiveCfg = Release|Any CPU
		{76F3C42D-CF0D-47CC-BA9D-B82F81884414}.Release|Any CPU.Build.0 = Release|Any CPU
	EndGlobalSection
	GlobalSection(SolutionProperties) = preSolution
		HideSolutionNode = FALSE
	EndGlobalSection
	GlobalSection(ExtensibilityGlobals) = postSolution
		SolutionGuid = {73E8116B-49E1-454B-8EF6-A44B1A0C6556}
	EndGlobalSection
EndGlobal
